<?xml version="1.0" encoding="utf-8"?>
<Project ToolsVersion="4.0" xmlns="http://schemas.microsoft.com/developer/msbuild/2003">
  <ItemGroup>
    <Filter Include="Source Files">
      <UniqueIdentifier>{d953dec4-fa71-42a7-aad5-d979963f5a9a}</UniqueIdentifier>
      <Extensions>*.cxx, *.cpp</Extensions>
    </Filter>
    <Filter Include="Header Files">
      <UniqueIdentifier>{2e0b5665-b09c-4613-95ca-3d7315b2fbc0}</UniqueIdentifier>
      <Extensions>*.h</Extensions>
    </Filter>
  </ItemGroup>
  <ItemGroup>
    <ClCompile Include="src\CIArrow.cxx">
      <Filter>Source Files</Filter>
    </ClCompile>
    <ClCompile Include="src\CICircle.cxx">
      <Filter>Source Files</Filter>
    </ClCompile>
    <ClCompile Include="src\CICommand.cxx">
      <Filter>Source Files</Filter>
    </ClCompile>
    <ClCompile Include="src\CICopy.cxx">
      <Filter>Source Files</Filter>
    </ClCompile>
    <ClCompile Include="src\CICross.cxx">
      <Filter>Source Files</Filter>
    </ClCompile>
    <ClCompile Include="src\CIDelete.cxx">
      <Filter>Source Files</Filter>
    </ClCompile>
    <ClCompile Include="src\CIDiamond.cxx">
      <Filter>Source Files</Filter>
    </ClCompile>
    <ClCompile Include="src\CIEllipse.cxx">
      <Filter>Source Files</Filter>
    </ClCompile>
    <ClCompile Include="src\CIEvaluate.cxx">
      <Filter>Source Files</Filter>
    </ClCompile>
    <ClCompile Include="src\CIFeatures.cxx">
      <Filter>Source Files</Filter>
    </ClCompile>
    <ClCompile Include="src\CIFunction.cxx">
      <Filter>Source Files</Filter>
    </ClCompile>
    <ClCompile Include="src\CIFuzzyNode.cxx">
      <Filter>Source Files</Filter>
    </ClCompile>
    <ClCompile Include="src\CIFuzzySet.cxx">
      <Filter>Source Files</Filter>
    </ClCompile>
    <ClCompile Include="src\CILine.cxx">
      <Filter>Source Files</Filter>
    </ClCompile>
    <ClCompile Include="src\CIMove.cxx">
      <Filter>Source Files</Filter>
    </ClCompile>
    <ClCompile Include="src\CIPoint.cxx">
      <Filter>Source Files</Filter>
    </ClCompile>
    <ClCompile Include="src\CIPolygon.cxx">
      <Filter>Source Files</Filter>
    </ClCompile>
    <ClCompile Include="src\CIRecognizer.cxx">
      <Filter>Source Files</Filter>
    </ClCompile>
    <ClCompile Include="src\CIRectangle.cxx">
      <Filter>Source Files</Filter>
    </ClCompile>
    <ClCompile Include="src\CIScribble.cxx">
      <Filter>Source Files</Filter>
    </ClCompile>
    <ClCompile Include="src\CIShape.cxx">
      <Filter>Source Files</Filter>
    </ClCompile>
    <ClCompile Include="src\CIStroke.cxx">
      <Filter>Source Files</Filter>
    </ClCompile>
    <ClCompile Include="src\CITap.cxx">
      <Filter>Source Files</Filter>
    </ClCompile>
    <ClCompile Include="src\CITriangle.cxx">
      <Filter>Source Files</Filter>
    </ClCompile>
    <ClCompile Include="src\CIUnknown.cxx">
      <Filter>Source Files</Filter>
    </ClCompile>
    <ClCompile Include="src\CIVector.cxx">
      <Filter>Source Files</Filter>
    </ClCompile>
    <ClCompile Include="src\CIWavyLine.cxx">
      <Filter>Source Files</Filter>
    </ClCompile>
  </ItemGroup>
  <ItemGroup>
    <ClInclude Include="include\CIArrow.h">
      <Filter>Header Files</Filter>
    </ClInclude>
    <ClInclude Include="include\CICircle.h">
      <Filter>Header Files</Filter>
    </ClInclude>
    <ClInclude Include="include\CICommand.h">
      <Filter>Header Files</Filter>
    </ClInclude>
    <ClInclude Include="include\CICopy.h">
      <Filter>Header Files</Filter>
    </ClInclude>
    <ClInclude Include="include\CICross.h">
      <Filter>Header Files</Filter>
    </ClInclude>
    <ClInclude Include="include\CIDelete.h">
      <Filter>Header Files</Filter>
    </ClInclude>
    <ClInclude Include="include\CIDiamond.h">
      <Filter>Header Files</Filter>
    </ClInclude>
    <ClInclude Include="include\CIEllipse.h">
      <Filter>Header Files</Filter>
    </ClInclude>
    <ClInclude Include="include\CIEvaluate.h">
      <Filter>Header Files</Filter>
    </ClInclude>
    <ClInclude Include="include\CIFeatures.h">
      <Filter>Header Files</Filter>
    </ClInclude>
    <ClInclude Include="include\CIFunction.h">
      <Filter>Header Files</Filter>
    </ClInclude>
    <ClInclude Include="include\CIFuzzyNode.h">
      <Filter>Header Files</Filter>
    </ClInclude>
    <ClInclude Include="include\CIFuzzySet.h">
      <Filter>Header Files</Filter>
    </ClInclude>
    <ClInclude Include="include\CIGesture.h">
      <Filter>Header Files</Filter>
    </ClInclude>
    <ClInclude Include="include\CILine.h">
      <Filter>Header Files</Filter>
    </ClInclude>
    <ClInclude Include="include\CIList.h">
      <Filter>Header Files</Filter>
    </ClInclude>
    <ClInclude Include="include\CIListNode.h">
      <Filter>Header Files</Filter>
    </ClInclude>
    <ClInclude Include="include\CIMove.h">
      <Filter>Header Files</Filter>
    </ClInclude>
    <ClInclude Include="include\CIPoint.h">
      <Filter>Header Files</Filter>
    </ClInclude>
    <ClInclude Include="include\CIPolygon.h">
      <Filter>Header Files</Filter>
    </ClInclude>
    <ClInclude Include="include\CIRecognizer.h">
      <Filter>Header Files</Filter>
    </ClInclude>
    <ClInclude Include="include\CIRectangle.h">
      <Filter>Header Files</Filter>
    </ClInclude>
    <ClInclude Include="include\CIScribble.h">
      <Filter>Header Files</Filter>
    </ClInclude>
    <ClInclude Include="include\CIShape.h">
      <Filter>Header Files</Filter>
    </ClInclude>
    <ClInclude Include="include\CIStroke.h">
      <Filter>Header Files</Filter>
    </ClInclude>
    <ClInclude Include="include\CITap.h">
      <Filter>Header Files</Filter>
    </ClInclude>
    <ClInclude Include="include\CITriangle.h">
      <Filter>Header Files</Filter>
    </ClInclude>
    <ClInclude Include="include\CIUnknown.h">
      <Filter>Header Files</Filter>
    </ClInclude>
    <ClInclude Include="include\CIVector.h">
      <Filter>Header Files</Filter>
    </ClInclude>
    <ClInclude Include="include\CIWavyLine.h">
      <Filter>Header Files</Filter>
    </ClInclude>
    <ClInclude Include="include\Commands.h">
      <Filter>Header Files</Filter>
    </ClInclude>
    <ClInclude Include="include\myvalues.h">
      <Filter>Header Files</Filter>
    </ClInclude>
    <ClInclude Include="include\Shapes.h">
      <Filter>Header Files</Filter>
    </ClInclude>
  </ItemGroup>
</Project>